
Microsoft Visual Studio Solution File, Format Version 12.00
# Visual Studio 14
VisualStudioVersion = 14.0.25420.1
MinimumVisualStudioVersion = 10.0.40219.1
Project("{FAE04EC0-301F-11D3-BF4B-00C04F79EFBC}") = "Dwx17.Clients.WindowsApp", "Dwx17.Clients.WindowsApp\Dwx17.Clients.WindowsApp.csproj", "{382137AD-DDAB-4599-B24C-FAAD2EECECCA}"
EndProject
Project("{2150E333-8FDC-42A3-9474-1A3956D46DE8}") = "1 - Clients", "1 - Clients", "{7169D9B9-A490-450F-809F-FDA8B971A257}"
EndProject
Project("{2150E333-8FDC-42A3-9474-1A3956D46DE8}") = "2 - Portable", "2 - Portable", "{0A5B7C0B-D507-4739-9EB4-175593B66E70}"
EndProject
Project("{FAE04EC0-301F-11D3-BF4B-00C04F79EFBC}") = "Dwx17.Clients.AndroidApp", "Dwx17.Clients.AndroidApp\Dwx17.Clients.AndroidApp.csproj", "{3F95FEAF-1F80-4E36-9BD7-FE8F36ACD0A2}"
EndProject
Project("{FAE04EC0-301F-11D3-BF4B-00C04F79EFBC}") = "Dwx17.Infrastructure", "Dwx17.Infrastructure\Dwx17.Infrastructure.csproj", "{8CCFD015-CBB4-4149-8D20-C8060FF63256}"
EndProject
Project("{FAE04EC0-301F-11D3-BF4B-00C04F79EFBC}") = "Dwx17.Domain", "Dwx17.Domain\Dwx17.Domain.csproj", "{054ED941-8F32-4A76-8325-C87C23747E7A}"
EndProject
Project("{2150E333-8FDC-42A3-9474-1A3956D46DE8}") = "3 - Domain", "3 - Domain", "{6730892A-CAE8-4390-A501-5810D1CB5608}"
EndProject
Project("{FAE04EC0-301F-11D3-BF4B-00C04F79EFBC}") = "Dwx17.Domain.GitHubApiClient", "Dwx17.Domain.GitHubApiClient\Dwx17.Domain.GitHubApiClient.csproj", "{43EC0EF4-2E28-480F-8399-2D4849D91B36}"
EndProject
Project("{D954291E-2A0B-460D-934E-DC6B0785DB48}") = "Dwx17.Clients.Shared", "Dwx17.Clients.Shared\Dwx17.Clients.Shared.shproj", "{10DBBA8D-41E5-4F30-B9CB-3C02FC96C684}"
EndProject
Project("{FAE04EC0-301F-11D3-BF4B-00C04F79EFBC}") = "Dwx17.Clients.IosApp", "Dwx17.Clients.IosApp\Dwx17.Clients.IosApp.csproj", "{980F9AE8-7107-4413-B9A9-590C50728A52}"
EndProject
Global
	GlobalSection(SharedMSBuildProjectFiles) = preSolution
		Dwx17.Clients.Shared\Dwx17.Clients.Shared.projitems*{10dbba8d-41e5-4f30-b9cb-3c02fc96c684}*SharedItemsImports = 13
		Dwx17.Clients.Shared\Dwx17.Clients.Shared.projitems*{382137ad-ddab-4599-b24c-faad2eececca}*SharedItemsImports = 4
		Dwx17.Clients.Shared\Dwx17.Clients.Shared.projitems*{3f95feaf-1f80-4e36-9bd7-fe8f36acd0a2}*SharedItemsImports = 4
	EndGlobalSection
	GlobalSection(SolutionConfigurationPlatforms) = preSolution
		Debug|Any CPU = Debug|Any CPU
		Debug|ARM = Debug|ARM
		Debug|x64 = Debug|x64
		Debug|x86 = Debug|x86
		Release|Any CPU = Release|Any CPU
		Release|ARM = Release|ARM
		Release|x64 = Release|x64
		Release|x86 = Release|x86
		Debug|iPhoneSimulator = Debug|iPhoneSimulator
		Release|iPhone = Release|iPhone
		Release|iPhoneSimulator = Release|iPhoneSimulator
		Debug|iPhone = Debug|iPhone
	EndGlobalSection
	GlobalSection(ProjectConfigurationPlatforms) = postSolution
		{382137AD-DDAB-4599-B24C-FAAD2EECECCA}.Debug|Any CPU.ActiveCfg = Debug|x86
		{382137AD-DDAB-4599-B24C-FAAD2EECECCA}.Debug|Any CPU.Build.0 = Debug|x86
		{382137AD-DDAB-4599-B24C-FAAD2EECECCA}.Debug|Any CPU.Deploy.0 = Debug|x86
		{382137AD-DDAB-4599-B24C-FAAD2EECECCA}.Debug|ARM.ActiveCfg = Debug|ARM
		{382137AD-DDAB-4599-B24C-FAAD2EECECCA}.Debug|ARM.Build.0 = Debug|ARM
		{382137AD-DDAB-4599-B24C-FAAD2EECECCA}.Debug|ARM.Deploy.0 = Debug|ARM
		{382137AD-DDAB-4599-B24C-FAAD2EECECCA}.Debug|x64.ActiveCfg = Debug|x64
		{382137AD-DDAB-4599-B24C-FAAD2EECECCA}.Debug|x64.Build.0 = Debug|x64
		{382137AD-DDAB-4599-B24C-FAAD2EECECCA}.Debug|x64.Deploy.0 = Debug|x64
		{382137AD-DDAB-4599-B24C-FAAD2EECECCA}.Debug|x86.ActiveCfg = Debug|x86
		{382137AD-DDAB-4599-B24C-FAAD2EECECCA}.Debug|x86.Build.0 = Debug|x86
		{382137AD-DDAB-4599-B24C-FAAD2EECECCA}.Debug|x86.Deploy.0 = Debug|x86
		{382137AD-DDAB-4599-B24C-FAAD2EECECCA}.Release|Any CPU.ActiveCfg = Release|x86
		{382137AD-DDAB-4599-B24C-FAAD2EECECCA}.Release|ARM.ActiveCfg = Release|ARM
		{382137AD-DDAB-4599-B24C-FAAD2EECECCA}.Release|ARM.Build.0 = Release|ARM
		{382137AD-DDAB-4599-B24C-FAAD2EECECCA}.Release|ARM.Deploy.0 = Release|ARM
		{382137AD-DDAB-4599-B24C-FAAD2EECECCA}.Release|x64.ActiveCfg = Release|x64
		{382137AD-DDAB-4599-B24C-FAAD2EECECCA}.Release|x64.Build.0 = Release|x64
		{382137AD-DDAB-4599-B24C-FAAD2EECECCA}.Release|x64.Deploy.0 = Release|x64
		{382137AD-DDAB-4599-B24C-FAAD2EECECCA}.Release|x86.ActiveCfg = Release|x86
		{382137AD-DDAB-4599-B24C-FAAD2EECECCA}.Release|x86.Build.0 = Release|x86
		{382137AD-DDAB-4599-B24C-FAAD2EECECCA}.Release|x86.Deploy.0 = Release|x86
		{382137AD-DDAB-4599-B24C-FAAD2EECECCA}.Debug|iPhoneSimulator.ActiveCfg = Debug|x86
		{382137AD-DDAB-4599-B24C-FAAD2EECECCA}.Debug|iPhoneSimulator.Build.0 = Debug|x86
		{382137AD-DDAB-4599-B24C-FAAD2EECECCA}.Release|iPhone.ActiveCfg = Release|x86
		{382137AD-DDAB-4599-B24C-FAAD2EECECCA}.Release|iPhone.Build.0 = Release|x86
		{382137AD-DDAB-4599-B24C-FAAD2EECECCA}.Release|iPhoneSimulator.ActiveCfg = Release|x86
		{382137AD-DDAB-4599-B24C-FAAD2EECECCA}.Release|iPhoneSimulator.Build.0 = Release|x86
		{382137AD-DDAB-4599-B24C-FAAD2EECECCA}.Debug|iPhone.ActiveCfg = Debug|x86
		{382137AD-DDAB-4599-B24C-FAAD2EECECCA}.Debug|iPhone.Build.0 = Debug|x86
		{3F95FEAF-1F80-4E36-9BD7-FE8F36ACD0A2}.Debug|Any CPU.ActiveCfg = Debug|Any CPU
		{3F95FEAF-1F80-4E36-9BD7-FE8F36ACD0A2}.Debug|Any CPU.Build.0 = Debug|Any CPU
		{3F95FEAF-1F80-4E36-9BD7-FE8F36ACD0A2}.Debug|Any CPU.Deploy.0 = Debug|Any CPU
		{3F95FEAF-1F80-4E36-9BD7-FE8F36ACD0A2}.Debug|ARM.ActiveCfg = Debug|Any CPU
		{3F95FEAF-1F80-4E36-9BD7-FE8F36ACD0A2}.Debug|ARM.Build.0 = Debug|Any CPU
		{3F95FEAF-1F80-4E36-9BD7-FE8F36ACD0A2}.Debug|ARM.Deploy.0 = Debug|Any CPU
		{3F95FEAF-1F80-4E36-9BD7-FE8F36ACD0A2}.Debug|x64.ActiveCfg = Debug|Any CPU
		{3F95FEAF-1F80-4E36-9BD7-FE8F36ACD0A2}.Debug|x64.Build.0 = Debug|Any CPU
		{3F95FEAF-1F80-4E36-9BD7-FE8F36ACD0A2}.Debug|x64.Deploy.0 = Debug|Any CPU
		{3F95FEAF-1F80-4E36-9BD7-FE8F36ACD0A2}.Debug|x86.ActiveCfg = Debug|Any CPU
		{3F95FEAF-1F80-4E36-9BD7-FE8F36ACD0A2}.Debug|x86.Build.0 = Debug|Any CPU
		{3F95FEAF-1F80-4E36-9BD7-FE8F36ACD0A2}.Debug|x86.Deploy.0 = Debug|Any CPU
		{3F95FEAF-1F80-4E36-9BD7-FE8F36ACD0A2}.Release|Any CPU.ActiveCfg = Release|Any CPU
		{3F95FEAF-1F80-4E36-9BD7-FE8F36ACD0A2}.Release|Any CPU.Build.0 = Release|Any CPU
		{3F95FEAF-1F80-4E36-9BD7-FE8F36ACD0A2}.Release|Any CPU.Deploy.0 = Release|Any CPU
		{3F95FEAF-1F80-4E36-9BD7-FE8F36ACD0A2}.Release|ARM.ActiveCfg = Release|Any CPU
		{3F95FEAF-1F80-4E36-9BD7-FE8F36ACD0A2}.Release|ARM.Build.0 = Release|Any CPU
		{3F95FEAF-1F80-4E36-9BD7-FE8F36ACD0A2}.Release|ARM.Deploy.0 = Release|Any CPU
		{3F95FEAF-1F80-4E36-9BD7-FE8F36ACD0A2}.Release|x64.ActiveCfg = Release|Any CPU
		{3F95FEAF-1F80-4E36-9BD7-FE8F36ACD0A2}.Release|x64.Build.0 = Release|Any CPU
		{3F95FEAF-1F80-4E36-9BD7-FE8F36ACD0A2}.Release|x64.Deploy.0 = Release|Any CPU
		{3F95FEAF-1F80-4E36-9BD7-FE8F36ACD0A2}.Release|x86.ActiveCfg = Release|Any CPU
		{3F95FEAF-1F80-4E36-9BD7-FE8F36ACD0A2}.Release|x86.Build.0 = Release|Any CPU
		{3F95FEAF-1F80-4E36-9BD7-FE8F36ACD0A2}.Release|x86.Deploy.0 = Release|Any CPU
		{3F95FEAF-1F80-4E36-9BD7-FE8F36ACD0A2}.Debug|iPhoneSimulator.ActiveCfg = Debug|Any CPU
		{3F95FEAF-1F80-4E36-9BD7-FE8F36ACD0A2}.Debug|iPhoneSimulator.Build.0 = Debug|Any CPU
		{3F95FEAF-1F80-4E36-9BD7-FE8F36ACD0A2}.Release|iPhone.ActiveCfg = Release|Any CPU
		{3F95FEAF-1F80-4E36-9BD7-FE8F36ACD0A2}.Release|iPhone.Build.0 = Release|Any CPU
		{3F95FEAF-1F80-4E36-9BD7-FE8F36ACD0A2}.Release|iPhoneSimulator.ActiveCfg = Release|Any CPU
		{3F95FEAF-1F80-4E36-9BD7-FE8F36ACD0A2}.Release|iPhoneSimulator.Build.0 = Release|Any CPU
		{3F95FEAF-1F80-4E36-9BD7-FE8F36ACD0A2}.Debug|iPhone.ActiveCfg = Debug|Any CPU
		{3F95FEAF-1F80-4E36-9BD7-FE8F36ACD0A2}.Debug|iPhone.Build.0 = Debug|Any CPU
		{8CCFD015-CBB4-4149-8D20-C8060FF63256}.Debug|Any CPU.ActiveCfg = Debug|Any CPU
		{8CCFD015-CBB4-4149-8D20-C8060FF63256}.Debug|Any CPU.Build.0 = Debug|Any CPU
		{8CCFD015-CBB4-4149-8D20-C8060FF63256}.Debug|ARM.ActiveCfg = Debug|Any CPU
		{8CCFD015-CBB4-4149-8D20-C8060FF63256}.Debug|ARM.Build.0 = Debug|Any CPU
		{8CCFD015-CBB4-4149-8D20-C8060FF63256}.Debug|x64.ActiveCfg = Debug|Any CPU
		{8CCFD015-CBB4-4149-8D20-C8060FF63256}.Debug|x64.Build.0 = Debug|Any CPU
		{8CCFD015-CBB4-4149-8D20-C8060FF63256}.Debug|x86.ActiveCfg = Debug|Any CPU
		{8CCFD015-CBB4-4149-8D20-C8060FF63256}.Debug|x86.Build.0 = Debug|Any CPU
		{8CCFD015-CBB4-4149-8D20-C8060FF63256}.Release|Any CPU.ActiveCfg = Release|Any CPU
		{8CCFD015-CBB4-4149-8D20-C8060FF63256}.Release|Any CPU.Build.0 = Release|Any CPU
		{8CCFD015-CBB4-4149-8D20-C8060FF63256}.Release|ARM.ActiveCfg = Release|Any CPU
		{8CCFD015-CBB4-4149-8D20-C8060FF63256}.Release|ARM.Build.0 = Release|Any CPU
		{8CCFD015-CBB4-4149-8D20-C8060FF63256}.Release|x64.ActiveCfg = Release|Any CPU
		{8CCFD015-CBB4-4149-8D20-C8060FF63256}.Release|x64.Build.0 = Release|Any CPU
		{8CCFD015-CBB4-4149-8D20-C8060FF63256}.Release|x86.ActiveCfg = Release|Any CPU
		{8CCFD015-CBB4-4149-8D20-C8060FF63256}.Release|x86.Build.0 = Release|Any CPU
		{8CCFD015-CBB4-4149-8D20-C8060FF63256}.Debug|iPhoneSimulator.ActiveCfg = Debug|Any CPU
		{8CCFD015-CBB4-4149-8D20-C8060FF63256}.Debug|iPhoneSimulator.Build.0 = Debug|Any CPU
		{8CCFD015-CBB4-4149-8D20-C8060FF63256}.Release|iPhone.ActiveCfg = Release|Any CPU
		{8CCFD015-CBB4-4149-8D20-C8060FF63256}.Release|iPhone.Build.0 = Release|Any CPU
		{8CCFD015-CBB4-4149-8D20-C8060FF63256}.Release|iPhoneSimulator.ActiveCfg = Release|Any CPU
		{8CCFD015-CBB4-4149-8D20-C8060FF63256}.Release|iPhoneSimulator.Build.0 = Release|Any CPU
		{8CCFD015-CBB4-4149-8D20-C8060FF63256}.Debug|iPhone.ActiveCfg = Debug|Any CPU
		{8CCFD015-CBB4-4149-8D20-C8060FF63256}.Debug|iPhone.Build.0 = Debug|Any CPU
		{054ED941-8F32-4A76-8325-C87C23747E7A}.Debug|Any CPU.ActiveCfg = Debug|Any CPU
		{054ED941-8F32-4A76-8325-C87C23747E7A}.Debug|Any CPU.Build.0 = Debug|Any CPU
		{054ED941-8F32-4A76-8325-C87C23747E7A}.Debug|ARM.ActiveCfg = Debug|Any CPU
		{054ED941-8F32-4A76-8325-C87C23747E7A}.Debug|ARM.Build.0 = Debug|Any CPU
		{054ED941-8F32-4A76-8325-C87C23747E7A}.Debug|x64.ActiveCfg = Debug|Any CPU
		{054ED941-8F32-4A76-8325-C87C23747E7A}.Debug|x64.Build.0 = Debug|Any CPU
		{054ED941-8F32-4A76-8325-C87C23747E7A}.Debug|x86.ActiveCfg = Debug|Any CPU
		{054ED941-8F32-4A76-8325-C87C23747E7A}.Debug|x86.Build.0 = Debug|Any CPU
		{054ED941-8F32-4A76-8325-C87C23747E7A}.Release|Any CPU.ActiveCfg = Release|Any CPU
		{054ED941-8F32-4A76-8325-C87C23747E7A}.Release|Any CPU.Build.0 = Release|Any CPU
		{054ED941-8F32-4A76-8325-C87C23747E7A}.Release|ARM.ActiveCfg = Release|Any CPU
		{054ED941-8F32-4A76-8325-C87C23747E7A}.Release|ARM.Build.0 = Release|Any CPU
		{054ED941-8F32-4A76-8325-C87C23747E7A}.Release|x64.ActiveCfg = Release|Any CPU
		{054ED941-8F32-4A76-8325-C87C23747E7A}.Release|x64.Build.0 = Release|Any CPU
		{054ED941-8F32-4A76-8325-C87C23747E7A}.Release|x86.ActiveCfg = Release|Any CPU
		{054ED941-8F32-4A76-8325-C87C23747E7A}.Release|x86.Build.0 = Release|Any CPU
		{054ED941-8F32-4A76-8325-C87C23747E7A}.Debug|iPhoneSimulator.ActiveCfg = Debug|Any CPU
		{054ED941-8F32-4A76-8325-C87C23747E7A}.Debug|iPhoneSimulator.Build.0 = Debug|Any CPU
		{054ED941-8F32-4A76-8325-C87C23747E7A}.Release|iPhone.ActiveCfg = Release|Any CPU
		{054ED941-8F32-4A76-8325-C87C23747E7A}.Release|iPhone.Build.0 = Release|Any CPU
		{054ED941-8F32-4A76-8325-C87C23747E7A}.Release|iPhoneSimulator.ActiveCfg = Release|Any CPU
		{054ED941-8F32-4A76-8325-C87C23747E7A}.Release|iPhoneSimulator.Build.0 = Release|Any CPU
		{054ED941-8F32-4A76-8325-C87C23747E7A}.Debug|iPhone.ActiveCfg = Debug|Any CPU
		{054ED941-8F32-4A76-8325-C87C23747E7A}.Debug|iPhone.Build.0 = Debug|Any CPU
		{43EC0EF4-2E28-480F-8399-2D4849D91B36}.Debug|Any CPU.ActiveCfg = Debug|Any CPU
		{43EC0EF4-2E28-480F-8399-2D4849D91B36}.Debug|Any CPU.Build.0 = Debug|Any CPU
		{43EC0EF4-2E28-480F-8399-2D4849D91B36}.Debug|ARM.ActiveCfg = Debug|Any CPU
		{43EC0EF4-2E28-480F-8399-2D4849D91B36}.Debug|ARM.Build.0 = Debug|Any CPU
		{43EC0EF4-2E28-480F-8399-2D4849D91B36}.Debug|x64.ActiveCfg = Debug|Any CPU
		{43EC0EF4-2E28-480F-8399-2D4849D91B36}.Debug|x64.Build.0 = Debug|Any CPU
		{43EC0EF4-2E28-480F-8399-2D4849D91B36}.Debug|x86.ActiveCfg = Debug|Any CPU
		{43EC0EF4-2E28-480F-8399-2D4849D91B36}.Debug|x86.Build.0 = Debug|Any CPU
		{43EC0EF4-2E28-480F-8399-2D4849D91B36}.Release|Any CPU.ActiveCfg = Release|Any CPU
		{43EC0EF4-2E28-480F-8399-2D4849D91B36}.Release|Any CPU.Build.0 = Release|Any CPU
		{43EC0EF4-2E28-480F-8399-2D4849D91B36}.Release|ARM.ActiveCfg = Release|Any CPU
		{43EC0EF4-2E28-480F-8399-2D4849D91B36}.Release|ARM.Build.0 = Release|Any CPU
		{43EC0EF4-2E28-480F-8399-2D4849D91B36}.Release|x64.ActiveCfg = Release|Any CPU
		{43EC0EF4-2E28-480F-8399-2D4849D91B36}.Release|x64.Build.0 = Release|Any CPU
		{43EC0EF4-2E28-480F-8399-2D4849D91B36}.Release|x86.ActiveCfg = Release|Any CPU
		{43EC0EF4-2E28-480F-8399-2D4849D91B36}.Release|x86.Build.0 = Release|Any CPU
		{43EC0EF4-2E28-480F-8399-2D4849D91B36}.Debug|iPhoneSimulator.ActiveCfg = Debug|Any CPU
		{43EC0EF4-2E28-480F-8399-2D4849D91B36}.Debug|iPhoneSimulator.Build.0 = Debug|Any CPU
		{43EC0EF4-2E28-480F-8399-2D4849D91B36}.Release|iPhone.ActiveCfg = Release|Any CPU
		{43EC0EF4-2E28-480F-8399-2D4849D91B36}.Release|iPhone.Build.0 = Release|Any CPU
		{43EC0EF4-2E28-480F-8399-2D4849D91B36}.Release|iPhoneSimulator.ActiveCfg = Release|Any CPU
		{43EC0EF4-2E28-480F-8399-2D4849D91B36}.Release|iPhoneSimulator.Build.0 = Release|Any CPU
		{43EC0EF4-2E28-480F-8399-2D4849D91B36}.Debug|iPhone.ActiveCfg = Debug|Any CPU
		{43EC0EF4-2E28-480F-8399-2D4849D91B36}.Debug|iPhone.Build.0 = Debug|Any CPU
		{980F9AE8-7107-4413-B9A9-590C50728A52}.Debug|Any CPU.ActiveCfg = Debug|iPhoneSimulator
		{980F9AE8-7107-4413-B9A9-590C50728A52}.Debug|Any CPU.Build.0 = Debug|iPhoneSimulator
		{980F9AE8-7107-4413-B9A9-590C50728A52}.Debug|ARM.ActiveCfg = Debug|iPhoneSimulator
		{980F9AE8-7107-4413-B9A9-590C50728A52}.Debug|ARM.Build.0 = Debug|iPhoneSimulator
		{980F9AE8-7107-4413-B9A9-590C50728A52}.Debug|x64.ActiveCfg = Debug|iPhoneSimulator
		{980F9AE8-7107-4413-B9A9-590C50728A52}.Debug|x64.Build.0 = Debug|iPhoneSimulator
		{980F9AE8-7107-4413-B9A9-590C50728A52}.Debug|x86.ActiveCfg = Debug|iPhoneSimulator
		{980F9AE8-7107-4413-B9A9-590C50728A52}.Debug|x86.Build.0 = Debug|iPhoneSimulator
		{980F9AE8-7107-4413-B9A9-590C50728A52}.Release|Any CPU.ActiveCfg = Release|iPhone
		{980F9AE8-7107-4413-B9A9-590C50728A52}.Release|Any CPU.Build.0 = Release|iPhone
		{980F9AE8-7107-4413-B9A9-590C50728A52}.Release|ARM.ActiveCfg = Release|iPhone
		{980F9AE8-7107-4413-B9A9-590C50728A52}.Release|ARM.Build.0 = Release|iPhone
		{980F9AE8-7107-4413-B9A9-590C50728A52}.Release|x64.ActiveCfg = Release|iPhone
		{980F9AE8-7107-4413-B9A9-590C50728A52}.Release|x64.Build.0 = Release|iPhone
		{980F9AE8-7107-4413-B9A9-590C50728A52}.Release|x86.ActiveCfg = Release|iPhone
		{980F9AE8-7107-4413-B9A9-590C50728A52}.Release|x86.Build.0 = Release|iPhone
		{980F9AE8-7107-4413-B9A9-590C50728A52}.Debug|iPhoneSimulator.ActiveCfg = Debug|iPhoneSimulator
		{980F9AE8-7107-4413-B9A9-590C50728A52}.Debug|iPhoneSimulator.Build.0 = Debug|iPhoneSimulator
		{980F9AE8-7107-4413-B9A9-590C50728A52}.Release|iPhone.ActiveCfg = Release|iPhone
		{980F9AE8-7107-4413-B9A9-590C50728A52}.Release|iPhone.Build.0 = Release|iPhone
		{980F9AE8-7107-4413-B9A9-590C50728A52}.Release|iPhoneSimulator.ActiveCfg = Release|iPhoneSimulator
		{980F9AE8-7107-4413-B9A9-590C50728A52}.Release|iPhoneSimulator.Build.0 = Release|iPhoneSimulator
		{980F9AE8-7107-4413-B9A9-590C50728A52}.Debug|iPhone.ActiveCfg = Debug|iPhone
		{980F9AE8-7107-4413-B9A9-590C50728A52}.Debug|iPhone.Build.0 = Debug|iPhone
	EndGlobalSection
	GlobalSection(SolutionProperties) = preSolution
		HideSolutionNode = FALSE
	EndGlobalSection
	GlobalSection(NestedProjects) = preSolution
		{382137AD-DDAB-4599-B24C-FAAD2EECECCA} = {7169D9B9-A490-450F-809F-FDA8B971A257}
		{3F95FEAF-1F80-4E36-9BD7-FE8F36ACD0A2} = {7169D9B9-A490-450F-809F-FDA8B971A257}
		{8CCFD015-CBB4-4149-8D20-C8060FF63256} = {0A5B7C0B-D507-4739-9EB4-175593B66E70}
		{054ED941-8F32-4A76-8325-C87C23747E7A} = {6730892A-CAE8-4390-A501-5810D1CB5608}
		{43EC0EF4-2E28-480F-8399-2D4849D91B36} = {6730892A-CAE8-4390-A501-5810D1CB5608}
		{10DBBA8D-41E5-4F30-B9CB-3C02FC96C684} = {7169D9B9-A490-450F-809F-FDA8B971A257}
		{980F9AE8-7107-4413-B9A9-590C50728A52} = {7169D9B9-A490-450F-809F-FDA8B971A257}
	EndGlobalSection
EndGlobal
